
Microsoft Visual Studio Solution File, Format Version 12.00
# Visual Studio Version 17
VisualStudioVersion = 17.9.34723.18
MinimumVisualStudioVersion = 10.0.40219.1
Project("{FAE04EC0-301F-11D3-BF4B-00C04F79EFBC}") = "MauiApp1", "MauiApp1\MauiApp1.csproj", "{6FC074BC-99CC-4338-AEAB-34BE46C09BA3}"
EndProject
Global
	GlobalSection(SolutionConfigurationPlatforms) = preSolution
		Debug|Any CPU = Debug|Any CPU
		Release|Any CPU = Release|Any CPU
	EndGlobalSection
	GlobalSection(ProjectConfigurationPlatforms) = postSolution
		{6FC074BC-99CC-4338-AEAB-34BE46C09BA3}.Debug|Any CPU.ActiveCfg = Debug|Any CPU
		{6FC074BC-99CC-4338-AEAB-34BE46C09BA3}.Debug|Any CPU.Build.0 = Debug|Any CPU
		{6FC074BC-99CC-4338-AEAB-34BE46C09BA3}.Debug|Any CPU.Deploy.0 = Debug|Any CPU
		{6FC074BC-99CC-4338-AEAB-34BE46C09BA3}.Release|Any CPU.ActiveCfg = Release|Any CPU
		{6FC074BC-99CC-4338-AEAB-34BE46C09BA3}.Release|Any CPU.Build.0 = Release|Any CPU
		{6FC074BC-99CC-4338-AEAB-34BE46C09BA3}.Release|Any CPU.Deploy.0 = Release|Any CPU
	EndGlobalSection
	GlobalSection(SolutionProperties) = preSolution
		HideSolutionNode = FALSE
	EndGlobalSection
	GlobalSection(ExtensibilityGlobals) = postSolution
		SolutionGuid = {D859AD7D-DCBB-4D4B-B176-E83FEBA98CB2}
	EndGlobalSection
EndGlobal
